
Microsoft Visual Studio Solution File, Format Version 12.00
# Visual Studio Version 16
VisualStudioVersion = 16.0.30621.155
MinimumVisualStudioVersion = 10.0.40219.1
Project("{FAE04EC0-301F-11D3-BF4B-00C04F79EFBC}") = "TrigoRechner", "TrigoRechner.csproj", "{314A2C89-0C97-4B38-BE0E-BF8050DBEC85}"
EndProject
Global
	GlobalSection(SolutionConfigurationPlatforms) = preSolution
		Debug|Any CPU = Debug|Any CPU
		Release|Any CPU = Release|Any CPU
	EndGlobalSection
	GlobalSection(ProjectConfigurationPlatforms) = postSolution
		{314A2C89-0C97-4B38-BE0E-BF8050DBEC85}.Debug|Any CPU.ActiveCfg = Debug|Any CPU
		{314A2C89-0C97-4B38-BE0E-BF8050DBEC85}.Debug|Any CPU.Build.0 = Debug|Any CPU
		{314A2C89-0C97-4B38-BE0E-BF8050DBEC85}.Release|Any CPU.ActiveCfg = Release|Any CPU
		{314A2C89-0C97-4B38-BE0E-BF8050DBEC85}.Release|Any CPU.Build.0 = Release|Any CPU
	EndGlobalSection
	GlobalSection(SolutionProperties) = preSolution
		HideSolutionNode = FALSE
	EndGlobalSection
	GlobalSection(ExtensibilityGlobals) = postSolution
		SolutionGuid = {D9A037D1-FABA-41FE-AE73-FDCA913B0896}
	EndGlobalSection
EndGlobal
